
Microsoft Visual Studio Solution File, Format Version 12.00
# Visual Studio Version 16
VisualStudioVersion = 16.0.34729.46
MinimumVisualStudioVersion = 10.0.40219.1
Project("{FAE04EC0-301F-11D3-BF4B-00C04F79EFBC}") = "DatabaseDoga", "DatabaseDoga\DatabaseDoga.csproj", "{096C3169-C122-41FF-B2CE-AA8EF879CEFE}"
EndProject
Global
	GlobalSection(SolutionConfigurationPlatforms) = preSolution
		Debug|Any CPU = Debug|Any CPU
		Release|Any CPU = Release|Any CPU
	EndGlobalSection
	GlobalSection(ProjectConfigurationPlatforms) = postSolution
		{096C3169-C122-41FF-B2CE-AA8EF879CEFE}.Debug|Any CPU.ActiveCfg = Debug|Any CPU
		{096C3169-C122-41FF-B2CE-AA8EF879CEFE}.Debug|Any CPU.Build.0 = Debug|Any CPU
		{096C3169-C122-41FF-B2CE-AA8EF879CEFE}.Release|Any CPU.ActiveCfg = Release|Any CPU
		{096C3169-C122-41FF-B2CE-AA8EF879CEFE}.Release|Any CPU.Build.0 = Release|Any CPU
	EndGlobalSection
	GlobalSection(SolutionProperties) = preSolution
		HideSolutionNode = FALSE
	EndGlobalSection
	GlobalSection(ExtensibilityGlobals) = postSolution
		SolutionGuid = {6A35EEDD-0C3F-45C8-9FEE-BEEE3EDF4F29}
	EndGlobalSection
EndGlobal
